
Microsoft Visual Studio Solution File, Format Version 12.00
# Visual Studio Version 17
VisualStudioVersion = 17.10.35201.131
MinimumVisualStudioVersion = 10.0.40219.1
Project("{FAE04EC0-301F-11D3-BF4B-00C04F79EFBC}") = "Benchmark", "Benchmark\Benchmark.csproj", "{5BD8C11C-4706-4F9F-A8F4-BDCCCC8A237E}"
EndProject
Global
	GlobalSection(SolutionConfigurationPlatforms) = preSolution
		Debug|Any CPU = Debug|Any CPU
		Release|Any CPU = Release|Any CPU
	EndGlobalSection
	GlobalSection(ProjectConfigurationPlatforms) = postSolution
		{5BD8C11C-4706-4F9F-A8F4-BDCCCC8A237E}.Debug|Any CPU.ActiveCfg = Debug|Any CPU
		{5BD8C11C-4706-4F9F-A8F4-BDCCCC8A237E}.Debug|Any CPU.Build.0 = Debug|Any CPU
		{5BD8C11C-4706-4F9F-A8F4-BDCCCC8A237E}.Release|Any CPU.ActiveCfg = Release|Any CPU
		{5BD8C11C-4706-4F9F-A8F4-BDCCCC8A237E}.Release|Any CPU.Build.0 = Release|Any CPU
	EndGlobalSection
	GlobalSection(SolutionProperties) = preSolution
		HideSolutionNode = FALSE
	EndGlobalSection
	GlobalSection(ExtensibilityGlobals) = postSolution
		SolutionGuid = {890EB999-078E-4735-A2D4-15E643BFBDFC}
	EndGlobalSection
EndGlobal
